
Microsoft Visual Studio Solution File, Format Version 12.00
# Visual Studio Version 17
VisualStudioVersion = 17.1.32407.343
MinimumVisualStudioVersion = 10.0.40219.1
Project("{9A19103F-16F7-4668-BE54-9A1E7A4F7556}") = "Frontend", "source\Frontend\Frontend.csproj", "{91149BDA-7E38-4717-B8F5-204D9D4D8FB6}"
EndProject
Project("{9A19103F-16F7-4668-BE54-9A1E7A4F7556}") = "Gttsb.Core", "source\Gttsb.Core\Gttsb.Core.csproj", "{2994C3AF-479A-4E9C-A8C6-15FEE34FD012}"
EndProject
Project("{9A19103F-16F7-4668-BE54-9A1E7A4F7556}") = "Gttsb.Gh", "source\Gttsb.Gh\Gttsb.Gh.csproj", "{95B6B127-2BAB-47CF-A0D0-374650A3352C}"
EndProject
Project("{9A19103F-16F7-4668-BE54-9A1E7A4F7556}") = "GitHubApp", "source\GitHubApp\GitHubApp.csproj", "{FB6BF72C-7BD3-46D4-8B8F-CBA57228FC1B}"
EndProject
Global
	GlobalSection(SolutionConfigurationPlatforms) = preSolution
		Debug|Any CPU = Debug|Any CPU
		Release|Any CPU = Release|Any CPU
	EndGlobalSection
	GlobalSection(ProjectConfigurationPlatforms) = postSolution
		{91149BDA-7E38-4717-B8F5-204D9D4D8FB6}.Debug|Any CPU.ActiveCfg = Debug|Any CPU
		{91149BDA-7E38-4717-B8F5-204D9D4D8FB6}.Debug|Any CPU.Build.0 = Debug|Any CPU
		{91149BDA-7E38-4717-B8F5-204D9D4D8FB6}.Release|Any CPU.ActiveCfg = Release|Any CPU
		{91149BDA-7E38-4717-B8F5-204D9D4D8FB6}.Release|Any CPU.Build.0 = Release|Any CPU
		{2994C3AF-479A-4E9C-A8C6-15FEE34FD012}.Debug|Any CPU.ActiveCfg = Debug|Any CPU
		{2994C3AF-479A-4E9C-A8C6-15FEE34FD012}.Debug|Any CPU.Build.0 = Debug|Any CPU
		{2994C3AF-479A-4E9C-A8C6-15FEE34FD012}.Release|Any CPU.ActiveCfg = Release|Any CPU
		{2994C3AF-479A-4E9C-A8C6-15FEE34FD012}.Release|Any CPU.Build.0 = Release|Any CPU
		{95B6B127-2BAB-47CF-A0D0-374650A3352C}.Debug|Any CPU.ActiveCfg = Debug|Any CPU
		{95B6B127-2BAB-47CF-A0D0-374650A3352C}.Debug|Any CPU.Build.0 = Debug|Any CPU
		{95B6B127-2BAB-47CF-A0D0-374650A3352C}.Release|Any CPU.ActiveCfg = Release|Any CPU
		{95B6B127-2BAB-47CF-A0D0-374650A3352C}.Release|Any CPU.Build.0 = Release|Any CPU
		{FB6BF72C-7BD3-46D4-8B8F-CBA57228FC1B}.Debug|Any CPU.ActiveCfg = Debug|Any CPU
		{FB6BF72C-7BD3-46D4-8B8F-CBA57228FC1B}.Debug|Any CPU.Build.0 = Debug|Any CPU
		{FB6BF72C-7BD3-46D4-8B8F-CBA57228FC1B}.Release|Any CPU.ActiveCfg = Release|Any CPU
		{FB6BF72C-7BD3-46D4-8B8F-CBA57228FC1B}.Release|Any CPU.Build.0 = Release|Any CPU
	EndGlobalSection
	GlobalSection(SolutionProperties) = preSolution
		HideSolutionNode = FALSE
	EndGlobalSection
	GlobalSection(ExtensibilityGlobals) = postSolution
		SolutionGuid = {9EFE1999-8724-4DC0-AE14-98C559246A76}
	EndGlobalSection
EndGlobal
